
Microsoft Visual Studio Solution File, Format Version 12.00
Project("{FAE04EC0-301F-11D3-BF4B-00C04F79EFBC}") = "Alphametics_Solver_5b5fe164b88263ad3d00250b", "Alphametics\Alphametics_Solver_5b5fe164b88263ad3d00250b\Alphametics_Solver_5b5fe164b88263ad3d00250b.csproj", "{DDB86E92-7166-4C10-BDEF-2F2BEE70AF33}"
EndProject
Project("{FAE04EC0-301F-11D3-BF4B-00C04F79EFBC}") = "Alphametics_Solver_5b5fe164b88263ad3d00250b_Tests", "Alphametics\Alphametics_Solver_5b5fe164b88263ad3d00250b_Tests\Alphametics_Solver_5b5fe164b88263ad3d00250b_Tests.csproj", "{7A76E727-BAA0-4FA5-934F-A89CFF6676EC}"
EndProject
Project("{2150E333-8FDC-42A3-9474-1A3956D46DE8}") = "Alphametics", "Alphametics", "{CAC2BF08-26CE-4C64-AAC4-515A1F0F18AF}"
EndProject
Project("{2150E333-8FDC-42A3-9474-1A3956D46DE8}") = "BattleshipFieldValidator ", "BattleshipFieldValidator ", "{E3808B27-2BF0-45B3-A922-9BB91047F529}"
EndProject
Project("{FAE04EC0-301F-11D3-BF4B-00C04F79EFBC}") = "BattleshipFieldValidator_52bb6539a4cf1b12d90005b7", "BattleshipFieldValidator\BattleshipFieldValidator_52bb6539a4cf1b12d90005b7\BattleshipFieldValidator_52bb6539a4cf1b12d90005b7.csproj", "{2B3EA2F5-A760-430E-AC8A-518BD9CA312D}"
EndProject
Project("{FAE04EC0-301F-11D3-BF4B-00C04F79EFBC}") = "BattleshipFieldValidator_52bb6539a4cf1b12d90005b7_Tests", "BattleshipFieldValidator\BattleshipFieldValidator_52bb6539a4cf1b12d90005b7_Tests\BattleshipFieldValidator_52bb6539a4cf1b12d90005b7_Tests.csproj", "{A46C61E9-D521-4024-B5FA-B247647DB715}"
EndProject
Project("{2150E333-8FDC-42A3-9474-1A3956D46DE8}") = "Skyscrapers6By6", "Skyscrapers6By6", "{E4421DDA-D8F7-4192-B843-B82D8997AAEC}"
EndProject
Project("{FAE04EC0-301F-11D3-BF4B-00C04F79EFBC}") = "Skyscrapers6By6_5679d5a3f2272011d700000d", "Skyscrapers6By6\Skyscrapers6By6_5679d5a3f2272011d700000d\Skyscrapers6By6_5679d5a3f2272011d700000d.csproj", "{F6C3CE6F-C13D-4CBC-AADA-DEB0D6F96D96}"
EndProject
Project("{FAE04EC0-301F-11D3-BF4B-00C04F79EFBC}") = "Skyscrapers6By6_5679d5a3f2272011d700000d_Tests", "Skyscrapers6By6\Skyscrapers6By6_5679d5a3f2272011d700000d_Tests\Skyscrapers6By6_5679d5a3f2272011d700000d_Tests.csproj", "{733B15BC-059C-4A6A-94A9-259A492370BA}"
EndProject
Project("{2150E333-8FDC-42A3-9474-1A3956D46DE8}") = "LinqOperator", "LinqOperator", "{0C21B938-454C-48BE-BE82-16157BE9E833}"
EndProject
Project("{FAE04EC0-301F-11D3-BF4B-00C04F79EFBC}") = "LinqOperator_59e4b634f703c4c95c000097", "LinqOperator\LinqOperator_59e4b634f703c4c95c000097\LinqOperator_59e4b634f703c4c95c000097.csproj", "{1CFCDF17-3030-4368-89F6-6F81359AE68E}"
EndProject
Project("{FAE04EC0-301F-11D3-BF4B-00C04F79EFBC}") = "LinqOperator_59e4b634f703c4c95c000097_Tests", "LinqOperator\LinqOperator_59e4b634f703c4c95c000097_Tests\LinqOperator_59e4b634f703c4c95c000097_Tests.csproj", "{8CAF1BFE-5E56-4882-9517-410E60BBB199}"
EndProject
Global
	GlobalSection(SolutionConfigurationPlatforms) = preSolution
		Debug|Any CPU = Debug|Any CPU
		Release|Any CPU = Release|Any CPU
	EndGlobalSection
	GlobalSection(ProjectConfigurationPlatforms) = postSolution
		{DDB86E92-7166-4C10-BDEF-2F2BEE70AF33}.Debug|Any CPU.ActiveCfg = Debug|Any CPU
		{DDB86E92-7166-4C10-BDEF-2F2BEE70AF33}.Debug|Any CPU.Build.0 = Debug|Any CPU
		{DDB86E92-7166-4C10-BDEF-2F2BEE70AF33}.Release|Any CPU.ActiveCfg = Release|Any CPU
		{DDB86E92-7166-4C10-BDEF-2F2BEE70AF33}.Release|Any CPU.Build.0 = Release|Any CPU
		{7A76E727-BAA0-4FA5-934F-A89CFF6676EC}.Debug|Any CPU.ActiveCfg = Debug|Any CPU
		{7A76E727-BAA0-4FA5-934F-A89CFF6676EC}.Debug|Any CPU.Build.0 = Debug|Any CPU
		{7A76E727-BAA0-4FA5-934F-A89CFF6676EC}.Release|Any CPU.ActiveCfg = Release|Any CPU
		{7A76E727-BAA0-4FA5-934F-A89CFF6676EC}.Release|Any CPU.Build.0 = Release|Any CPU
		{2B3EA2F5-A760-430E-AC8A-518BD9CA312D}.Debug|Any CPU.ActiveCfg = Debug|Any CPU
		{2B3EA2F5-A760-430E-AC8A-518BD9CA312D}.Debug|Any CPU.Build.0 = Debug|Any CPU
		{2B3EA2F5-A760-430E-AC8A-518BD9CA312D}.Release|Any CPU.ActiveCfg = Release|Any CPU
		{2B3EA2F5-A760-430E-AC8A-518BD9CA312D}.Release|Any CPU.Build.0 = Release|Any CPU
		{A46C61E9-D521-4024-B5FA-B247647DB715}.Debug|Any CPU.ActiveCfg = Debug|Any CPU
		{A46C61E9-D521-4024-B5FA-B247647DB715}.Debug|Any CPU.Build.0 = Debug|Any CPU
		{A46C61E9-D521-4024-B5FA-B247647DB715}.Release|Any CPU.ActiveCfg = Release|Any CPU
		{A46C61E9-D521-4024-B5FA-B247647DB715}.Release|Any CPU.Build.0 = Release|Any CPU
		{F6C3CE6F-C13D-4CBC-AADA-DEB0D6F96D96}.Debug|Any CPU.ActiveCfg = Debug|Any CPU
		{F6C3CE6F-C13D-4CBC-AADA-DEB0D6F96D96}.Debug|Any CPU.Build.0 = Debug|Any CPU
		{F6C3CE6F-C13D-4CBC-AADA-DEB0D6F96D96}.Release|Any CPU.ActiveCfg = Release|Any CPU
		{F6C3CE6F-C13D-4CBC-AADA-DEB0D6F96D96}.Release|Any CPU.Build.0 = Release|Any CPU
		{733B15BC-059C-4A6A-94A9-259A492370BA}.Debug|Any CPU.ActiveCfg = Debug|Any CPU
		{733B15BC-059C-4A6A-94A9-259A492370BA}.Debug|Any CPU.Build.0 = Debug|Any CPU
		{733B15BC-059C-4A6A-94A9-259A492370BA}.Release|Any CPU.ActiveCfg = Release|Any CPU
		{733B15BC-059C-4A6A-94A9-259A492370BA}.Release|Any CPU.Build.0 = Release|Any CPU
		{1CFCDF17-3030-4368-89F6-6F81359AE68E}.Debug|Any CPU.ActiveCfg = Debug|Any CPU
		{1CFCDF17-3030-4368-89F6-6F81359AE68E}.Debug|Any CPU.Build.0 = Debug|Any CPU
		{1CFCDF17-3030-4368-89F6-6F81359AE68E}.Release|Any CPU.ActiveCfg = Release|Any CPU
		{1CFCDF17-3030-4368-89F6-6F81359AE68E}.Release|Any CPU.Build.0 = Release|Any CPU
		{8CAF1BFE-5E56-4882-9517-410E60BBB199}.Debug|Any CPU.ActiveCfg = Debug|Any CPU
		{8CAF1BFE-5E56-4882-9517-410E60BBB199}.Debug|Any CPU.Build.0 = Debug|Any CPU
		{8CAF1BFE-5E56-4882-9517-410E60BBB199}.Release|Any CPU.ActiveCfg = Release|Any CPU
		{8CAF1BFE-5E56-4882-9517-410E60BBB199}.Release|Any CPU.Build.0 = Release|Any CPU
	EndGlobalSection
	GlobalSection(NestedProjects) = preSolution
		{DDB86E92-7166-4C10-BDEF-2F2BEE70AF33} = {CAC2BF08-26CE-4C64-AAC4-515A1F0F18AF}
		{7A76E727-BAA0-4FA5-934F-A89CFF6676EC} = {CAC2BF08-26CE-4C64-AAC4-515A1F0F18AF}
		{2B3EA2F5-A760-430E-AC8A-518BD9CA312D} = {E3808B27-2BF0-45B3-A922-9BB91047F529}
		{A46C61E9-D521-4024-B5FA-B247647DB715} = {E3808B27-2BF0-45B3-A922-9BB91047F529}
		{F6C3CE6F-C13D-4CBC-AADA-DEB0D6F96D96} = {E4421DDA-D8F7-4192-B843-B82D8997AAEC}
		{733B15BC-059C-4A6A-94A9-259A492370BA} = {E4421DDA-D8F7-4192-B843-B82D8997AAEC}
		{1CFCDF17-3030-4368-89F6-6F81359AE68E} = {0C21B938-454C-48BE-BE82-16157BE9E833}
		{8CAF1BFE-5E56-4882-9517-410E60BBB199} = {0C21B938-454C-48BE-BE82-16157BE9E833}
	EndGlobalSection
EndGlobal
